
Microsoft Visual Studio Solution File, Format Version 12.00
# Visual Studio Version 17
VisualStudioVersion = 17.0.31903.59
MinimumVisualStudioVersion = 10.0.40219.1
Project("{FAE04EC0-301F-11D3-BF4B-00C04F79EFBC}") = "1", "1\1.csproj", "{40449CA6-CF0F-4B3D-89F1-CE5B48EB1551}"
EndProject
Project("{FAE04EC0-301F-11D3-BF4B-00C04F79EFBC}") = "2", "2\2.csproj", "{65791956-A7FB-4CB4-9834-3F581849CFE5}"
EndProject
Project("{FAE04EC0-301F-11D3-BF4B-00C04F79EFBC}") = "3", "3\3.csproj", "{AEB9ED1B-B1B2-4185-A571-FDABD96710F7}"
EndProject
Project("{FAE04EC0-301F-11D3-BF4B-00C04F79EFBC}") = "4", "4\4.csproj", "{EB6D2063-2140-4FEB-BD68-2594CD59C3BD}"
EndProject
Project("{FAE04EC0-301F-11D3-BF4B-00C04F79EFBC}") = "5", "5\5.csproj", "{4FEAACBC-8149-4CEF-A998-1EFD08F36201}"
EndProject
Project("{FAE04EC0-301F-11D3-BF4B-00C04F79EFBC}") = "6", "6\6.csproj", "{004A155E-DF68-4041-BE97-E25DBAEEC59B}"
EndProject
Project("{FAE04EC0-301F-11D3-BF4B-00C04F79EFBC}") = "7", "7\7.csproj", "{BA0605A1-3D09-43BE-85C0-5785E283AB60}"
EndProject
Project("{FAE04EC0-301F-11D3-BF4B-00C04F79EFBC}") = "8", "8\8.csproj", "{CFADC6B3-217D-47CD-898B-B8D4F39EAFCA}"
EndProject
Project("{FAE04EC0-301F-11D3-BF4B-00C04F79EFBC}") = "9", "9\9.csproj", "{CBD3EC21-EC55-4F4E-BA77-0EE94579EEE6}"
EndProject
Project("{FAE04EC0-301F-11D3-BF4B-00C04F79EFBC}") = "10", "10\10.csproj", "{437C2BC2-784C-4FE5-AD9D-4E0B76A8DB85}"
EndProject
Project("{FAE04EC0-301F-11D3-BF4B-00C04F79EFBC}") = "11", "11\11.csproj", "{FCADCCE1-762D-4912-990F-C19725CD5F55}"
EndProject
Project("{FAE04EC0-301F-11D3-BF4B-00C04F79EFBC}") = "12", "12\12.csproj", "{C783DC80-C25C-4630-BD73-29AC0053DC01}"
EndProject
Project("{FAE04EC0-301F-11D3-BF4B-00C04F79EFBC}") = "13", "13\13.csproj", "{D14D1E31-E9FE-417F-A4E7-05AE210D4195}"
EndProject
Project("{FAE04EC0-301F-11D3-BF4B-00C04F79EFBC}") = "14", "14\14.csproj", "{9199A729-A3FF-447A-859A-5039C6392A54}"
EndProject
Project("{FAE04EC0-301F-11D3-BF4B-00C04F79EFBC}") = "15", "15\15.csproj", "{FE912A8C-EAD1-4626-BBF7-4C3066F085A6}"
EndProject
Project("{FAE04EC0-301F-11D3-BF4B-00C04F79EFBC}") = "16", "16\16.csproj", "{5BF92B6A-76A8-478E-80B1-ADC4F38685C0}"
EndProject
Project("{FAE04EC0-301F-11D3-BF4B-00C04F79EFBC}") = "17", "17\17.csproj", "{23BBCA36-9DB2-47B3-8FC2-01A674A8B07E}"
EndProject
Project("{FAE04EC0-301F-11D3-BF4B-00C04F79EFBC}") = "18", "18\18.csproj", "{A11C8867-0F27-4904-9FC4-A9E6A3856B00}"
EndProject
Project("{FAE04EC0-301F-11D3-BF4B-00C04F79EFBC}") = "19", "19\19.csproj", "{54CE9040-9E6F-46D8-B93A-6353EC429374}"
EndProject
Project("{FAE04EC0-301F-11D3-BF4B-00C04F79EFBC}") = "20", "20\20.csproj", "{4F619165-ED7D-49AD-A95F-D9AD911CD971}"
EndProject
Project("{FAE04EC0-301F-11D3-BF4B-00C04F79EFBC}") = "21", "21\21.csproj", "{E84AC9B5-7B68-4760-B8D6-25EA509BC25C}"
EndProject
Project("{FAE04EC0-301F-11D3-BF4B-00C04F79EFBC}") = "22", "22\22.csproj", "{DE470076-A158-4919-93CF-901A8C608D82}"
EndProject
Project("{FAE04EC0-301F-11D3-BF4B-00C04F79EFBC}") = "23", "23\23.csproj", "{F858A839-75A9-44C7-81CF-E7998BB874FC}"
EndProject
Project("{FAE04EC0-301F-11D3-BF4B-00C04F79EFBC}") = "24", "24\24.csproj", "{4A3DA96A-4C50-41C9-B63B-EDAB4254FC3C}"
EndProject
Project("{FAE04EC0-301F-11D3-BF4B-00C04F79EFBC}") = "25", "25\25.csproj", "{6930208B-B209-41A6-A616-F96DEDCDE9BF}"
EndProject
Global
	GlobalSection(SolutionConfigurationPlatforms) = preSolution
		Debug|Any CPU = Debug|Any CPU
		Release|Any CPU = Release|Any CPU
	EndGlobalSection
	GlobalSection(SolutionProperties) = preSolution
		HideSolutionNode = FALSE
	EndGlobalSection
	GlobalSection(ProjectConfigurationPlatforms) = postSolution
		{40449CA6-CF0F-4B3D-89F1-CE5B48EB1551}.Debug|Any CPU.ActiveCfg = Debug|Any CPU
		{40449CA6-CF0F-4B3D-89F1-CE5B48EB1551}.Debug|Any CPU.Build.0 = Debug|Any CPU
		{40449CA6-CF0F-4B3D-89F1-CE5B48EB1551}.Release|Any CPU.ActiveCfg = Release|Any CPU
		{40449CA6-CF0F-4B3D-89F1-CE5B48EB1551}.Release|Any CPU.Build.0 = Release|Any CPU
		{65791956-A7FB-4CB4-9834-3F581849CFE5}.Debug|Any CPU.ActiveCfg = Debug|Any CPU
		{65791956-A7FB-4CB4-9834-3F581849CFE5}.Debug|Any CPU.Build.0 = Debug|Any CPU
		{65791956-A7FB-4CB4-9834-3F581849CFE5}.Release|Any CPU.ActiveCfg = Release|Any CPU
		{65791956-A7FB-4CB4-9834-3F581849CFE5}.Release|Any CPU.Build.0 = Release|Any CPU
		{AEB9ED1B-B1B2-4185-A571-FDABD96710F7}.Debug|Any CPU.ActiveCfg = Debug|Any CPU
		{AEB9ED1B-B1B2-4185-A571-FDABD96710F7}.Debug|Any CPU.Build.0 = Debug|Any CPU
		{AEB9ED1B-B1B2-4185-A571-FDABD96710F7}.Release|Any CPU.ActiveCfg = Release|Any CPU
		{AEB9ED1B-B1B2-4185-A571-FDABD96710F7}.Release|Any CPU.Build.0 = Release|Any CPU
		{EB6D2063-2140-4FEB-BD68-2594CD59C3BD}.Debug|Any CPU.ActiveCfg = Debug|Any CPU
		{EB6D2063-2140-4FEB-BD68-2594CD59C3BD}.Debug|Any CPU.Build.0 = Debug|Any CPU
		{EB6D2063-2140-4FEB-BD68-2594CD59C3BD}.Release|Any CPU.ActiveCfg = Release|Any CPU
		{EB6D2063-2140-4FEB-BD68-2594CD59C3BD}.Release|Any CPU.Build.0 = Release|Any CPU
		{4FEAACBC-8149-4CEF-A998-1EFD08F36201}.Debug|Any CPU.ActiveCfg = Debug|Any CPU
		{4FEAACBC-8149-4CEF-A998-1EFD08F36201}.Debug|Any CPU.Build.0 = Debug|Any CPU
		{4FEAACBC-8149-4CEF-A998-1EFD08F36201}.Release|Any CPU.ActiveCfg = Release|Any CPU
		{4FEAACBC-8149-4CEF-A998-1EFD08F36201}.Release|Any CPU.Build.0 = Release|Any CPU
		{004A155E-DF68-4041-BE97-E25DBAEEC59B}.Debug|Any CPU.ActiveCfg = Debug|Any CPU
		{004A155E-DF68-4041-BE97-E25DBAEEC59B}.Debug|Any CPU.Build.0 = Debug|Any CPU
		{004A155E-DF68-4041-BE97-E25DBAEEC59B}.Release|Any CPU.ActiveCfg = Release|Any CPU
		{004A155E-DF68-4041-BE97-E25DBAEEC59B}.Release|Any CPU.Build.0 = Release|Any CPU
		{BA0605A1-3D09-43BE-85C0-5785E283AB60}.Debug|Any CPU.ActiveCfg = Debug|Any CPU
		{BA0605A1-3D09-43BE-85C0-5785E283AB60}.Debug|Any CPU.Build.0 = Debug|Any CPU
		{BA0605A1-3D09-43BE-85C0-5785E283AB60}.Release|Any CPU.ActiveCfg = Release|Any CPU
		{BA0605A1-3D09-43BE-85C0-5785E283AB60}.Release|Any CPU.Build.0 = Release|Any CPU
		{CFADC6B3-217D-47CD-898B-B8D4F39EAFCA}.Debug|Any CPU.ActiveCfg = Debug|Any CPU
		{CFADC6B3-217D-47CD-898B-B8D4F39EAFCA}.Debug|Any CPU.Build.0 = Debug|Any CPU
		{CFADC6B3-217D-47CD-898B-B8D4F39EAFCA}.Release|Any CPU.ActiveCfg = Release|Any CPU
		{CFADC6B3-217D-47CD-898B-B8D4F39EAFCA}.Release|Any CPU.Build.0 = Release|Any CPU
		{CBD3EC21-EC55-4F4E-BA77-0EE94579EEE6}.Debug|Any CPU.ActiveCfg = Debug|Any CPU
		{CBD3EC21-EC55-4F4E-BA77-0EE94579EEE6}.Debug|Any CPU.Build.0 = Debug|Any CPU
		{CBD3EC21-EC55-4F4E-BA77-0EE94579EEE6}.Release|Any CPU.ActiveCfg = Release|Any CPU
		{CBD3EC21-EC55-4F4E-BA77-0EE94579EEE6}.Release|Any CPU.Build.0 = Release|Any CPU
		{437C2BC2-784C-4FE5-AD9D-4E0B76A8DB85}.Debug|Any CPU.ActiveCfg = Debug|Any CPU
		{437C2BC2-784C-4FE5-AD9D-4E0B76A8DB85}.Debug|Any CPU.Build.0 = Debug|Any CPU
		{437C2BC2-784C-4FE5-AD9D-4E0B76A8DB85}.Release|Any CPU.ActiveCfg = Release|Any CPU
		{437C2BC2-784C-4FE5-AD9D-4E0B76A8DB85}.Release|Any CPU.Build.0 = Release|Any CPU
		{FCADCCE1-762D-4912-990F-C19725CD5F55}.Debug|Any CPU.ActiveCfg = Debug|Any CPU
		{FCADCCE1-762D-4912-990F-C19725CD5F55}.Debug|Any CPU.Build.0 = Debug|Any CPU
		{FCADCCE1-762D-4912-990F-C19725CD5F55}.Release|Any CPU.ActiveCfg = Release|Any CPU
		{FCADCCE1-762D-4912-990F-C19725CD5F55}.Release|Any CPU.Build.0 = Release|Any CPU
		{C783DC80-C25C-4630-BD73-29AC0053DC01}.Debug|Any CPU.ActiveCfg = Debug|Any CPU
		{C783DC80-C25C-4630-BD73-29AC0053DC01}.Debug|Any CPU.Build.0 = Debug|Any CPU
		{C783DC80-C25C-4630-BD73-29AC0053DC01}.Release|Any CPU.ActiveCfg = Release|Any CPU
		{C783DC80-C25C-4630-BD73-29AC0053DC01}.Release|Any CPU.Build.0 = Release|Any CPU
		{D14D1E31-E9FE-417F-A4E7-05AE210D4195}.Debug|Any CPU.ActiveCfg = Debug|Any CPU
		{D14D1E31-E9FE-417F-A4E7-05AE210D4195}.Debug|Any CPU.Build.0 = Debug|Any CPU
		{D14D1E31-E9FE-417F-A4E7-05AE210D4195}.Release|Any CPU.ActiveCfg = Release|Any CPU
		{D14D1E31-E9FE-417F-A4E7-05AE210D4195}.Release|Any CPU.Build.0 = Release|Any CPU
		{9199A729-A3FF-447A-859A-5039C6392A54}.Debug|Any CPU.ActiveCfg = Debug|Any CPU
		{9199A729-A3FF-447A-859A-5039C6392A54}.Debug|Any CPU.Build.0 = Debug|Any CPU
		{9199A729-A3FF-447A-859A-5039C6392A54}.Release|Any CPU.ActiveCfg = Release|Any CPU
		{9199A729-A3FF-447A-859A-5039C6392A54}.Release|Any CPU.Build.0 = Release|Any CPU
		{FE912A8C-EAD1-4626-BBF7-4C3066F085A6}.Debug|Any CPU.ActiveCfg = Debug|Any CPU
		{FE912A8C-EAD1-4626-BBF7-4C3066F085A6}.Debug|Any CPU.Build.0 = Debug|Any CPU
		{FE912A8C-EAD1-4626-BBF7-4C3066F085A6}.Release|Any CPU.ActiveCfg = Release|Any CPU
		{FE912A8C-EAD1-4626-BBF7-4C3066F085A6}.Release|Any CPU.Build.0 = Release|Any CPU
		{5BF92B6A-76A8-478E-80B1-ADC4F38685C0}.Debug|Any CPU.ActiveCfg = Debug|Any CPU
		{5BF92B6A-76A8-478E-80B1-ADC4F38685C0}.Debug|Any CPU.Build.0 = Debug|Any CPU
		{5BF92B6A-76A8-478E-80B1-ADC4F38685C0}.Release|Any CPU.ActiveCfg = Release|Any CPU
		{5BF92B6A-76A8-478E-80B1-ADC4F38685C0}.Release|Any CPU.Build.0 = Release|Any CPU
		{23BBCA36-9DB2-47B3-8FC2-01A674A8B07E}.Debug|Any CPU.ActiveCfg = Debug|Any CPU
		{23BBCA36-9DB2-47B3-8FC2-01A674A8B07E}.Debug|Any CPU.Build.0 = Debug|Any CPU
		{23BBCA36-9DB2-47B3-8FC2-01A674A8B07E}.Release|Any CPU.ActiveCfg = Release|Any CPU
		{23BBCA36-9DB2-47B3-8FC2-01A674A8B07E}.Release|Any CPU.Build.0 = Release|Any CPU
		{A11C8867-0F27-4904-9FC4-A9E6A3856B00}.Debug|Any CPU.ActiveCfg = Debug|Any CPU
		{A11C8867-0F27-4904-9FC4-A9E6A3856B00}.Debug|Any CPU.Build.0 = Debug|Any CPU
		{A11C8867-0F27-4904-9FC4-A9E6A3856B00}.Release|Any CPU.ActiveCfg = Release|Any CPU
		{A11C8867-0F27-4904-9FC4-A9E6A3856B00}.Release|Any CPU.Build.0 = Release|Any CPU
		{54CE9040-9E6F-46D8-B93A-6353EC429374}.Debug|Any CPU.ActiveCfg = Debug|Any CPU
		{54CE9040-9E6F-46D8-B93A-6353EC429374}.Debug|Any CPU.Build.0 = Debug|Any CPU
		{54CE9040-9E6F-46D8-B93A-6353EC429374}.Release|Any CPU.ActiveCfg = Release|Any CPU
		{54CE9040-9E6F-46D8-B93A-6353EC429374}.Release|Any CPU.Build.0 = Release|Any CPU
		{4F619165-ED7D-49AD-A95F-D9AD911CD971}.Debug|Any CPU.ActiveCfg = Debug|Any CPU
		{4F619165-ED7D-49AD-A95F-D9AD911CD971}.Debug|Any CPU.Build.0 = Debug|Any CPU
		{4F619165-ED7D-49AD-A95F-D9AD911CD971}.Release|Any CPU.ActiveCfg = Release|Any CPU
		{4F619165-ED7D-49AD-A95F-D9AD911CD971}.Release|Any CPU.Build.0 = Release|Any CPU
		{E84AC9B5-7B68-4760-B8D6-25EA509BC25C}.Debug|Any CPU.ActiveCfg = Debug|Any CPU
		{E84AC9B5-7B68-4760-B8D6-25EA509BC25C}.Debug|Any CPU.Build.0 = Debug|Any CPU
		{E84AC9B5-7B68-4760-B8D6-25EA509BC25C}.Release|Any CPU.ActiveCfg = Release|Any CPU
		{E84AC9B5-7B68-4760-B8D6-25EA509BC25C}.Release|Any CPU.Build.0 = Release|Any CPU
		{DE470076-A158-4919-93CF-901A8C608D82}.Debug|Any CPU.ActiveCfg = Debug|Any CPU
		{DE470076-A158-4919-93CF-901A8C608D82}.Debug|Any CPU.Build.0 = Debug|Any CPU
		{DE470076-A158-4919-93CF-901A8C608D82}.Release|Any CPU.ActiveCfg = Release|Any CPU
		{DE470076-A158-4919-93CF-901A8C608D82}.Release|Any CPU.Build.0 = Release|Any CPU
		{F858A839-75A9-44C7-81CF-E7998BB874FC}.Debug|Any CPU.ActiveCfg = Debug|Any CPU
		{F858A839-75A9-44C7-81CF-E7998BB874FC}.Debug|Any CPU.Build.0 = Debug|Any CPU
		{F858A839-75A9-44C7-81CF-E7998BB874FC}.Release|Any CPU.ActiveCfg = Release|Any CPU
		{F858A839-75A9-44C7-81CF-E7998BB874FC}.Release|Any CPU.Build.0 = Release|Any CPU
		{4A3DA96A-4C50-41C9-B63B-EDAB4254FC3C}.Debug|Any CPU.ActiveCfg = Debug|Any CPU
		{4A3DA96A-4C50-41C9-B63B-EDAB4254FC3C}.Debug|Any CPU.Build.0 = Debug|Any CPU
		{4A3DA96A-4C50-41C9-B63B-EDAB4254FC3C}.Release|Any CPU.ActiveCfg = Release|Any CPU
		{4A3DA96A-4C50-41C9-B63B-EDAB4254FC3C}.Release|Any CPU.Build.0 = Release|Any CPU
		{6930208B-B209-41A6-A616-F96DEDCDE9BF}.Debug|Any CPU.ActiveCfg = Debug|Any CPU
		{6930208B-B209-41A6-A616-F96DEDCDE9BF}.Debug|Any CPU.Build.0 = Debug|Any CPU
		{6930208B-B209-41A6-A616-F96DEDCDE9BF}.Release|Any CPU.ActiveCfg = Release|Any CPU
		{6930208B-B209-41A6-A616-F96DEDCDE9BF}.Release|Any CPU.Build.0 = Release|Any CPU
	EndGlobalSection
EndGlobal
